
Microsoft Visual Studio Solution File, Format Version 12.00
# Visual Studio Version 17
VisualStudioVersion = 17.0.32112.339
MinimumVisualStudioVersion = 10.0.40219.1
Project("{FAE04EC0-301F-11D3-BF4B-00C04F79EFBC}") = "ProjetoDatabase", "ProjetoDatabase\ProjetoDatabase.csproj", "{0E9946C4-7AFC-433C-AF07-8C630489DB14}"
EndProject
Global
	GlobalSection(SolutionConfigurationPlatforms) = preSolution
		Debug|Any CPU = Debug|Any CPU
		Release|Any CPU = Release|Any CPU
	EndGlobalSection
	GlobalSection(ProjectConfigurationPlatforms) = postSolution
		{0E9946C4-7AFC-433C-AF07-8C630489DB14}.Debug|Any CPU.ActiveCfg = Debug|Any CPU
		{0E9946C4-7AFC-433C-AF07-8C630489DB14}.Debug|Any CPU.Build.0 = Debug|Any CPU
		{0E9946C4-7AFC-433C-AF07-8C630489DB14}.Release|Any CPU.ActiveCfg = Release|Any CPU
		{0E9946C4-7AFC-433C-AF07-8C630489DB14}.Release|Any CPU.Build.0 = Release|Any CPU
	EndGlobalSection
	GlobalSection(SolutionProperties) = preSolution
		HideSolutionNode = FALSE
	EndGlobalSection
	GlobalSection(ExtensibilityGlobals) = postSolution
		SolutionGuid = {B3D8D1F2-4B43-4B28-B387-1C68C9500A1C}
	EndGlobalSection
EndGlobal
